
Microsoft Visual Studio Solution File, Format Version 12.00
# Visual Studio Version 17
VisualStudioVersion = 17.4.33213.308
MinimumVisualStudioVersion = 10.0.40219.1
Project("{FAE04EC0-301F-11D3-BF4B-00C04F79EFBC}") = "xamlcs-howick-res-d", "xamlcs-howick-res-d\xamlcs-howick-res-d.csproj", "{980079DA-CFE9-4989-A649-53AF7EA35923}"
EndProject
Global
	GlobalSection(SolutionConfigurationPlatforms) = preSolution
		Debug|Any CPU = Debug|Any CPU
		Release|Any CPU = Release|Any CPU
	EndGlobalSection
	GlobalSection(ProjectConfigurationPlatforms) = postSolution
		{980079DA-CFE9-4989-A649-53AF7EA35923}.Debug|Any CPU.ActiveCfg = Debug|Any CPU
		{980079DA-CFE9-4989-A649-53AF7EA35923}.Debug|Any CPU.Build.0 = Debug|Any CPU
		{980079DA-CFE9-4989-A649-53AF7EA35923}.Release|Any CPU.ActiveCfg = Release|Any CPU
		{980079DA-CFE9-4989-A649-53AF7EA35923}.Release|Any CPU.Build.0 = Release|Any CPU
	EndGlobalSection
	GlobalSection(SolutionProperties) = preSolution
		HideSolutionNode = FALSE
	EndGlobalSection
	GlobalSection(ExtensibilityGlobals) = postSolution
		SolutionGuid = {BD023AB5-2910-40FE-8CB8-E57A320C2F16}
	EndGlobalSection
EndGlobal
